
Microsoft Visual Studio Solution File, Format Version 12.00
# Visual Studio Version 16
VisualStudioVersion = 16.0.30503.244
MinimumVisualStudioVersion = 10.0.40219.1
Project("{FAE04EC0-301F-11D3-BF4B-00C04F79EFBC}") = "IntegraBilbaoPark", "IntegraBilbaoPark\IntegraBilbaoPark.csproj", "{4A8B8FD9-684D-49C7-81CF-C958783FE2C0}"
EndProject
Global
	GlobalSection(SolutionConfigurationPlatforms) = preSolution
		Debug|Any CPU = Debug|Any CPU
		Release|Any CPU = Release|Any CPU
	EndGlobalSection
	GlobalSection(ProjectConfigurationPlatforms) = postSolution
		{4A8B8FD9-684D-49C7-81CF-C958783FE2C0}.Debug|Any CPU.ActiveCfg = Debug|Any CPU
		{4A8B8FD9-684D-49C7-81CF-C958783FE2C0}.Debug|Any CPU.Build.0 = Debug|Any CPU
		{4A8B8FD9-684D-49C7-81CF-C958783FE2C0}.Release|Any CPU.ActiveCfg = Release|Any CPU
		{4A8B8FD9-684D-49C7-81CF-C958783FE2C0}.Release|Any CPU.Build.0 = Release|Any CPU
	EndGlobalSection
	GlobalSection(SolutionProperties) = preSolution
		HideSolutionNode = FALSE
	EndGlobalSection
	GlobalSection(ExtensibilityGlobals) = postSolution
		SolutionGuid = {D15C9E1B-DB0F-4629-8519-5E607E51212F}
	EndGlobalSection
EndGlobal
